
Microsoft Visual Studio Solution File, Format Version 12.00
# Visual Studio 15
VisualStudioVersion = 15.0.27130.2010
MinimumVisualStudioVersion = 10.0.40219.1
Project("{FAE04EC0-301F-11D3-BF4B-00C04F79EFBC}") = "Reservering_Systeem", "Reservering_Systeem\Reservering_Systeem.csproj", "{03F08F89-D9D3-4BCF-B8D1-C05721A0492F}"
EndProject
Global
	GlobalSection(SolutionConfigurationPlatforms) = preSolution
		boii|Any CPU = boii|Any CPU
		Debug|Any CPU = Debug|Any CPU
		Release|Any CPU = Release|Any CPU
	EndGlobalSection
	GlobalSection(ProjectConfigurationPlatforms) = postSolution
		{03F08F89-D9D3-4BCF-B8D1-C05721A0492F}.boii|Any CPU.ActiveCfg = boii|Any CPU
		{03F08F89-D9D3-4BCF-B8D1-C05721A0492F}.boii|Any CPU.Build.0 = boii|Any CPU
		{03F08F89-D9D3-4BCF-B8D1-C05721A0492F}.Debug|Any CPU.ActiveCfg = Debug|Any CPU
		{03F08F89-D9D3-4BCF-B8D1-C05721A0492F}.Debug|Any CPU.Build.0 = Debug|Any CPU
		{03F08F89-D9D3-4BCF-B8D1-C05721A0492F}.Release|Any CPU.ActiveCfg = Release|Any CPU
		{03F08F89-D9D3-4BCF-B8D1-C05721A0492F}.Release|Any CPU.Build.0 = Release|Any CPU
	EndGlobalSection
	GlobalSection(SolutionProperties) = preSolution
		HideSolutionNode = FALSE
	EndGlobalSection
	GlobalSection(ExtensibilityGlobals) = postSolution
		SolutionGuid = {8087C2F4-24F6-4A07-AEF3-7CA6CCC639E6}
	EndGlobalSection
EndGlobal
